
Microsoft Visual Studio Solution File, Format Version 12.00
# Visual Studio Version 16
VisualStudioVersion = 16.0.28705.295
MinimumVisualStudioVersion = 10.0.40219.1
Project("{9A19103F-16F7-4668-BE54-9A1E7A4F7556}") = "ApplicationCore", "src\Shared\ApplicationCore\ApplicationCore.csproj", "{F2304381-4774-4E9D-BB19-01AE29D480FF}"
EndProject
Project("{9A19103F-16F7-4668-BE54-9A1E7A4F7556}") = "Infrastructure", "src\Shared\Infrastructure\Infrastructure.csproj", "{7E93191C-69DD-4958-B80C-0F0AC55F6891}"
EndProject
Project("{9A19103F-16F7-4668-BE54-9A1E7A4F7556}") = "Backoffice", "src\Web\Backoffice\Backoffice.csproj", "{8E9D50CB-7A1B-4156-8ABB-94D832250E1A}"
EndProject
Project("{9A19103F-16F7-4668-BE54-9A1E7A4F7556}") = "DamaWeb", "src\Web\DamaWeb\DamaWeb.csproj", "{A957ED99-5F16-4F82-A73A-F719B5B2E91D}"
EndProject
Project("{2150E333-8FDC-42A3-9474-1A3956D46DE8}") = "Web", "Web", "{ABF07EDB-713D-4362-8417-606B6E664550}"
EndProject
Project("{2150E333-8FDC-42A3-9474-1A3956D46DE8}") = "Shared", "Shared", "{823C4A2B-C95F-449E-BA03-F4291282B9EA}"
EndProject
Project("{2150E333-8FDC-42A3-9474-1A3956D46DE8}") = "Solution Items", "Solution Items", "{892009D8-50BA-4F91-A24F-01090AC742D0}"
	ProjectSection(SolutionItems) = preProject
		.editorconfig = .editorconfig
		.github\workflows\dotnet-build-deploy.yml = .github\workflows\dotnet-build-deploy.yml
		README.md = README.md
	EndProjectSection
EndProject
Project("{2150E333-8FDC-42A3-9474-1A3956D46DE8}") = "src", "src", "{BC459CC7-A3E8-4178-8EEF-9FEA73534B17}"
EndProject
Project("{2150E333-8FDC-42A3-9474-1A3956D46DE8}") = "tests", "tests", "{14F61FAA-C24A-4452-9872-8736FEAC3CEF}"
EndProject
Project("{9A19103F-16F7-4668-BE54-9A1E7A4F7556}") = "UnitTests", "tests\UnitTests\UnitTests.csproj", "{B60F0D43-88A8-432C-85A8-B5A40A455FE0}"
EndProject
Global
	GlobalSection(SolutionConfigurationPlatforms) = preSolution
		Debug|Any CPU = Debug|Any CPU
		Release|Any CPU = Release|Any CPU
	EndGlobalSection
	GlobalSection(ProjectConfigurationPlatforms) = postSolution
		{F2304381-4774-4E9D-BB19-01AE29D480FF}.Debug|Any CPU.ActiveCfg = Debug|Any CPU
		{F2304381-4774-4E9D-BB19-01AE29D480FF}.Debug|Any CPU.Build.0 = Debug|Any CPU
		{F2304381-4774-4E9D-BB19-01AE29D480FF}.Release|Any CPU.ActiveCfg = Release|Any CPU
		{F2304381-4774-4E9D-BB19-01AE29D480FF}.Release|Any CPU.Build.0 = Release|Any CPU
		{7E93191C-69DD-4958-B80C-0F0AC55F6891}.Debug|Any CPU.ActiveCfg = Debug|Any CPU
		{7E93191C-69DD-4958-B80C-0F0AC55F6891}.Debug|Any CPU.Build.0 = Debug|Any CPU
		{7E93191C-69DD-4958-B80C-0F0AC55F6891}.Release|Any CPU.ActiveCfg = Release|Any CPU
		{7E93191C-69DD-4958-B80C-0F0AC55F6891}.Release|Any CPU.Build.0 = Release|Any CPU
		{8E9D50CB-7A1B-4156-8ABB-94D832250E1A}.Debug|Any CPU.ActiveCfg = Debug|Any CPU
		{8E9D50CB-7A1B-4156-8ABB-94D832250E1A}.Debug|Any CPU.Build.0 = Debug|Any CPU
		{8E9D50CB-7A1B-4156-8ABB-94D832250E1A}.Release|Any CPU.ActiveCfg = Release|Any CPU
		{8E9D50CB-7A1B-4156-8ABB-94D832250E1A}.Release|Any CPU.Build.0 = Release|Any CPU
		{A957ED99-5F16-4F82-A73A-F719B5B2E91D}.Debug|Any CPU.ActiveCfg = Debug|Any CPU
		{A957ED99-5F16-4F82-A73A-F719B5B2E91D}.Debug|Any CPU.Build.0 = Debug|Any CPU
		{A957ED99-5F16-4F82-A73A-F719B5B2E91D}.Release|Any CPU.ActiveCfg = Release|Any CPU
		{A957ED99-5F16-4F82-A73A-F719B5B2E91D}.Release|Any CPU.Build.0 = Release|Any CPU
		{B60F0D43-88A8-432C-85A8-B5A40A455FE0}.Debug|Any CPU.ActiveCfg = Debug|Any CPU
		{B60F0D43-88A8-432C-85A8-B5A40A455FE0}.Debug|Any CPU.Build.0 = Debug|Any CPU
		{B60F0D43-88A8-432C-85A8-B5A40A455FE0}.Release|Any CPU.ActiveCfg = Release|Any CPU
		{B60F0D43-88A8-432C-85A8-B5A40A455FE0}.Release|Any CPU.Build.0 = Release|Any CPU
	EndGlobalSection
	GlobalSection(SolutionProperties) = preSolution
		HideSolutionNode = FALSE
	EndGlobalSection
	GlobalSection(NestedProjects) = preSolution
		{F2304381-4774-4E9D-BB19-01AE29D480FF} = {823C4A2B-C95F-449E-BA03-F4291282B9EA}
		{7E93191C-69DD-4958-B80C-0F0AC55F6891} = {823C4A2B-C95F-449E-BA03-F4291282B9EA}
		{8E9D50CB-7A1B-4156-8ABB-94D832250E1A} = {ABF07EDB-713D-4362-8417-606B6E664550}
		{A957ED99-5F16-4F82-A73A-F719B5B2E91D} = {ABF07EDB-713D-4362-8417-606B6E664550}
		{ABF07EDB-713D-4362-8417-606B6E664550} = {BC459CC7-A3E8-4178-8EEF-9FEA73534B17}
		{823C4A2B-C95F-449E-BA03-F4291282B9EA} = {BC459CC7-A3E8-4178-8EEF-9FEA73534B17}
		{B60F0D43-88A8-432C-85A8-B5A40A455FE0} = {14F61FAA-C24A-4452-9872-8736FEAC3CEF}
	EndGlobalSection
	GlobalSection(ExtensibilityGlobals) = postSolution
		SolutionGuid = {D5EC5949-D32F-4F80-AF88-41AB7F0A6FC6}
	EndGlobalSection
EndGlobal
