Microsoft Visual Studio Solution File, Format Version 12.00
# Visual Studio Version 16
VisualStudioVersion = 16.0.0.0
MinimumVisualStudioVersion = 16.0.0.0
Project("{9A19103F-16F7-4668-BE54-9A1E7A4F7556}") = "DamaAdmin.Server", "src\Web\Server\DamaAdmin.Server.csproj", "{1662CA24-3842-4F33-B902-F303BFE42495}"
EndProject
Project("{9A19103F-16F7-4668-BE54-9A1E7A4F7556}") = "DamaAdmin.Client", "src\Web\DamaAdmin\DamaAdmin.Client.csproj", "{29504497-5959-4265-9276-71F4D586D043}"
EndProject
Project("{9A19103F-16F7-4668-BE54-9A1E7A4F7556}") = "DamaAdmin.Shared", "src\ApplicationCore\ApplicationCore.csproj", "{9A42476B-6648-41C0-85C9-5573C31E92A1}"
EndProject
Global
	GlobalSection(SolutionConfigurationPlatforms) = preSolution
		Debug|Any CPU = Debug|Any CPU
		Debug|x64 = Debug|x64
		Debug|x86 = Debug|x86
		Release|Any CPU = Release|Any CPU
		Release|x64 = Release|x64
		Release|x86 = Release|x86
	EndGlobalSection
	GlobalSection(ProjectConfigurationPlatforms) = postSolution
		{29504497-5959-4265-9276-71F4D586D043}.Debug|Any CPU.ActiveCfg = Debug|Any CPU
		{29504497-5959-4265-9276-71F4D586D043}.Debug|Any CPU.Build.0 = Debug|Any CPU
		{29504497-5959-4265-9276-71F4D586D043}.Debug|x64.ActiveCfg = Debug|Any CPU
		{29504497-5959-4265-9276-71F4D586D043}.Debug|x64.Build.0 = Debug|Any CPU
		{29504497-5959-4265-9276-71F4D586D043}.Debug|x86.ActiveCfg = Debug|Any CPU
		{29504497-5959-4265-9276-71F4D586D043}.Debug|x86.Build.0 = Debug|Any CPU
		{29504497-5959-4265-9276-71F4D586D043}.Release|Any CPU.ActiveCfg = Release|Any CPU
		{29504497-5959-4265-9276-71F4D586D043}.Release|Any CPU.Build.0 = Release|Any CPU
		{29504497-5959-4265-9276-71F4D586D043}.Release|x64.ActiveCfg = Release|Any CPU
		{29504497-5959-4265-9276-71F4D586D043}.Release|x64.Build.0 = Release|Any CPU
		{29504497-5959-4265-9276-71F4D586D043}.Release|x86.ActiveCfg = Release|Any CPU
		{29504497-5959-4265-9276-71F4D586D043}.Release|x86.Build.0 = Release|Any CPU
		{1662CA24-3842-4F33-B902-F303BFE42495}.Debug|Any CPU.ActiveCfg = Debug|Any CPU
		{1662CA24-3842-4F33-B902-F303BFE42495}.Debug|Any CPU.Build.0 = Debug|Any CPU
		{1662CA24-3842-4F33-B902-F303BFE42495}.Debug|x64.ActiveCfg = Debug|Any CPU
		{1662CA24-3842-4F33-B902-F303BFE42495}.Debug|x64.Build.0 = Debug|Any CPU
		{1662CA24-3842-4F33-B902-F303BFE42495}.Debug|x86.ActiveCfg = Debug|Any CPU
		{1662CA24-3842-4F33-B902-F303BFE42495}.Debug|x86.Build.0 = Debug|Any CPU
		{1662CA24-3842-4F33-B902-F303BFE42495}.Release|Any CPU.ActiveCfg = Release|Any CPU
		{1662CA24-3842-4F33-B902-F303BFE42495}.Release|Any CPU.Build.0 = Release|Any CPU
		{1662CA24-3842-4F33-B902-F303BFE42495}.Release|x64.ActiveCfg = Release|Any CPU
		{1662CA24-3842-4F33-B902-F303BFE42495}.Release|x64.Build.0 = Release|Any CPU
		{1662CA24-3842-4F33-B902-F303BFE42495}.Release|x86.ActiveCfg = Release|Any CPU
		{1662CA24-3842-4F33-B902-F303BFE42495}.Release|x86.Build.0 = Release|Any CPU
		{9A42476B-6648-41C0-85C9-5573C31E92A1}.Debug|Any CPU.ActiveCfg = Debug|Any CPU
		{9A42476B-6648-41C0-85C9-5573C31E92A1}.Debug|Any CPU.Build.0 = Debug|Any CPU
		{9A42476B-6648-41C0-85C9-5573C31E92A1}.Debug|x64.ActiveCfg = Debug|Any CPU
		{9A42476B-6648-41C0-85C9-5573C31E92A1}.Debug|x64.Build.0 = Debug|Any CPU
		{9A42476B-6648-41C0-85C9-5573C31E92A1}.Debug|x86.ActiveCfg = Debug|Any CPU
		{9A42476B-6648-41C0-85C9-5573C31E92A1}.Debug|x86.Build.0 = Debug|Any CPU
		{9A42476B-6648-41C0-85C9-5573C31E92A1}.Release|Any CPU.ActiveCfg = Release|Any CPU
		{9A42476B-6648-41C0-85C9-5573C31E92A1}.Release|Any CPU.Build.0 = Release|Any CPU
		{9A42476B-6648-41C0-85C9-5573C31E92A1}.Release|x64.ActiveCfg = Release|Any CPU
		{9A42476B-6648-41C0-85C9-5573C31E92A1}.Release|x64.Build.0 = Release|Any CPU
		{9A42476B-6648-41C0-85C9-5573C31E92A1}.Release|x86.ActiveCfg = Release|Any CPU
		{9A42476B-6648-41C0-85C9-5573C31E92A1}.Release|x86.Build.0 = Release|Any CPU
	EndGlobalSection
	GlobalSection(SolutionProperties) = preSolution
		HideSolutionNode = FALSE
	EndGlobalSection
	GlobalSection(ExtensibilityGlobals) = postSolution
		SolutionGuid = {24B21972-BD40-435F-B254-D6BBE4A55349}
	EndGlobalSection
EndGlobal