
Microsoft Visual Studio Solution File, Format Version 12.00
# Visual Studio 15
VisualStudioVersion = 15.0.27004.2008
MinimumVisualStudioVersion = 10.0.40219.1
Project("{FAE04EC0-301F-11D3-BF4B-00C04F79EFBC}") = "DamaSales.Android", "src\DamaSalesApp\DamaSales.Android\DamaSales.Android.csproj", "{04572931-756C-4FF6-AA7D-7ACCD1A18000}"
EndProject
Project("{FAE04EC0-301F-11D3-BF4B-00C04F79EFBC}") = "DamaSales", "src\DamaSalesApp\DamaSales\DamaSales.csproj", "{55B14B7B-1E52-4239-A501-83780A68EE90}"
EndProject
Project("{FAE04EC0-301F-11D3-BF4B-00C04F79EFBC}") = "DamaSales.UWP", "src\DamaSalesApp\DamaSales.UWP\DamaSales.UWP.csproj", "{F2D5818A-9B2A-4DB2-B191-46CC0FE53098}"
EndProject
Project("{FAE04EC0-301F-11D3-BF4B-00C04F79EFBC}") = "DamaSales.iOS", "src\DamaSalesApp\DamaSales.iOS\DamaSales.iOS.csproj", "{76D58855-C02E-4AEB-801D-461AB9A33A4F}"
EndProject
Global
	GlobalSection(SolutionConfigurationPlatforms) = preSolution
		Ad-Hoc|Any CPU = Ad-Hoc|Any CPU
		Ad-Hoc|ARM = Ad-Hoc|ARM
		Ad-Hoc|iPhone = Ad-Hoc|iPhone
		Ad-Hoc|iPhoneSimulator = Ad-Hoc|iPhoneSimulator
		Ad-Hoc|x64 = Ad-Hoc|x64
		Ad-Hoc|x86 = Ad-Hoc|x86
		AppStore|Any CPU = AppStore|Any CPU
		AppStore|ARM = AppStore|ARM
		AppStore|iPhone = AppStore|iPhone
		AppStore|iPhoneSimulator = AppStore|iPhoneSimulator
		AppStore|x64 = AppStore|x64
		AppStore|x86 = AppStore|x86
		Debug|Any CPU = Debug|Any CPU
		Debug|ARM = Debug|ARM
		Debug|iPhone = Debug|iPhone
		Debug|iPhoneSimulator = Debug|iPhoneSimulator
		Debug|x64 = Debug|x64
		Debug|x86 = Debug|x86
		Release|Any CPU = Release|Any CPU
		Release|ARM = Release|ARM
		Release|iPhone = Release|iPhone
		Release|iPhoneSimulator = Release|iPhoneSimulator
		Release|x64 = Release|x64
		Release|x86 = Release|x86
	EndGlobalSection
	GlobalSection(ProjectConfigurationPlatforms) = postSolution
		{04572931-756C-4FF6-AA7D-7ACCD1A18000}.Ad-Hoc|Any CPU.ActiveCfg = Release|Any CPU
		{04572931-756C-4FF6-AA7D-7ACCD1A18000}.Ad-Hoc|Any CPU.Build.0 = Release|Any CPU
		{04572931-756C-4FF6-AA7D-7ACCD1A18000}.Ad-Hoc|Any CPU.Deploy.0 = Release|Any CPU
		{04572931-756C-4FF6-AA7D-7ACCD1A18000}.Ad-Hoc|ARM.ActiveCfg = Release|Any CPU
		{04572931-756C-4FF6-AA7D-7ACCD1A18000}.Ad-Hoc|ARM.Build.0 = Release|Any CPU
		{04572931-756C-4FF6-AA7D-7ACCD1A18000}.Ad-Hoc|ARM.Deploy.0 = Release|Any CPU
		{04572931-756C-4FF6-AA7D-7ACCD1A18000}.Ad-Hoc|iPhone.ActiveCfg = Release|Any CPU
		{04572931-756C-4FF6-AA7D-7ACCD1A18000}.Ad-Hoc|iPhone.Build.0 = Release|Any CPU
		{04572931-756C-4FF6-AA7D-7ACCD1A18000}.Ad-Hoc|iPhone.Deploy.0 = Release|Any CPU
		{04572931-756C-4FF6-AA7D-7ACCD1A18000}.Ad-Hoc|iPhoneSimulator.ActiveCfg = Release|Any CPU
		{04572931-756C-4FF6-AA7D-7ACCD1A18000}.Ad-Hoc|iPhoneSimulator.Build.0 = Release|Any CPU
		{04572931-756C-4FF6-AA7D-7ACCD1A18000}.Ad-Hoc|iPhoneSimulator.Deploy.0 = Release|Any CPU
		{04572931-756C-4FF6-AA7D-7ACCD1A18000}.Ad-Hoc|x64.ActiveCfg = Release|Any CPU
		{04572931-756C-4FF6-AA7D-7ACCD1A18000}.Ad-Hoc|x64.Build.0 = Release|Any CPU
		{04572931-756C-4FF6-AA7D-7ACCD1A18000}.Ad-Hoc|x64.Deploy.0 = Release|Any CPU
		{04572931-756C-4FF6-AA7D-7ACCD1A18000}.Ad-Hoc|x86.ActiveCfg = Release|Any CPU
		{04572931-756C-4FF6-AA7D-7ACCD1A18000}.Ad-Hoc|x86.Build.0 = Release|Any CPU
		{04572931-756C-4FF6-AA7D-7ACCD1A18000}.Ad-Hoc|x86.Deploy.0 = Release|Any CPU
		{04572931-756C-4FF6-AA7D-7ACCD1A18000}.AppStore|Any CPU.ActiveCfg = Release|Any CPU
		{04572931-756C-4FF6-AA7D-7ACCD1A18000}.AppStore|Any CPU.Build.0 = Release|Any CPU
		{04572931-756C-4FF6-AA7D-7ACCD1A18000}.AppStore|Any CPU.Deploy.0 = Release|Any CPU
		{04572931-756C-4FF6-AA7D-7ACCD1A18000}.AppStore|ARM.ActiveCfg = Release|Any CPU
		{04572931-756C-4FF6-AA7D-7ACCD1A18000}.AppStore|ARM.Build.0 = Release|Any CPU
		{04572931-756C-4FF6-AA7D-7ACCD1A18000}.AppStore|ARM.Deploy.0 = Release|Any CPU
		{04572931-756C-4FF6-AA7D-7ACCD1A18000}.AppStore|iPhone.ActiveCfg = Release|Any CPU
		{04572931-756C-4FF6-AA7D-7ACCD1A18000}.AppStore|iPhone.Build.0 = Release|Any CPU
		{04572931-756C-4FF6-AA7D-7ACCD1A18000}.AppStore|iPhone.Deploy.0 = Release|Any CPU
		{04572931-756C-4FF6-AA7D-7ACCD1A18000}.AppStore|iPhoneSimulator.ActiveCfg = Release|Any CPU
		{04572931-756C-4FF6-AA7D-7ACCD1A18000}.AppStore|iPhoneSimulator.Build.0 = Release|Any CPU
		{04572931-756C-4FF6-AA7D-7ACCD1A18000}.AppStore|iPhoneSimulator.Deploy.0 = Release|Any CPU
		{04572931-756C-4FF6-AA7D-7ACCD1A18000}.AppStore|x64.ActiveCfg = Release|Any CPU
		{04572931-756C-4FF6-AA7D-7ACCD1A18000}.AppStore|x64.Build.0 = Release|Any CPU
		{04572931-756C-4FF6-AA7D-7ACCD1A18000}.AppStore|x64.Deploy.0 = Release|Any CPU
		{04572931-756C-4FF6-AA7D-7ACCD1A18000}.AppStore|x86.ActiveCfg = Release|Any CPU
		{04572931-756C-4FF6-AA7D-7ACCD1A18000}.AppStore|x86.Build.0 = Release|Any CPU
		{04572931-756C-4FF6-AA7D-7ACCD1A18000}.AppStore|x86.Deploy.0 = Release|Any CPU
		{04572931-756C-4FF6-AA7D-7ACCD1A18000}.Debug|Any CPU.ActiveCfg = Debug|Any CPU
		{04572931-756C-4FF6-AA7D-7ACCD1A18000}.Debug|Any CPU.Build.0 = Debug|Any CPU
		{04572931-756C-4FF6-AA7D-7ACCD1A18000}.Debug|Any CPU.Deploy.0 = Debug|Any CPU
		{04572931-756C-4FF6-AA7D-7ACCD1A18000}.Debug|ARM.ActiveCfg = Debug|Any CPU
		{04572931-756C-4FF6-AA7D-7ACCD1A18000}.Debug|ARM.Build.0 = Debug|Any CPU
		{04572931-756C-4FF6-AA7D-7ACCD1A18000}.Debug|ARM.Deploy.0 = Debug|Any CPU
		{04572931-756C-4FF6-AA7D-7ACCD1A18000}.Debug|iPhone.ActiveCfg = Debug|Any CPU
		{04572931-756C-4FF6-AA7D-7ACCD1A18000}.Debug|iPhone.Build.0 = Debug|Any CPU
		{04572931-756C-4FF6-AA7D-7ACCD1A18000}.Debug|iPhone.Deploy.0 = Debug|Any CPU
		{04572931-756C-4FF6-AA7D-7ACCD1A18000}.Debug|iPhoneSimulator.ActiveCfg = Debug|Any CPU
		{04572931-756C-4FF6-AA7D-7ACCD1A18000}.Debug|iPhoneSimulator.Build.0 = Debug|Any CPU
		{04572931-756C-4FF6-AA7D-7ACCD1A18000}.Debug|iPhoneSimulator.Deploy.0 = Debug|Any CPU
		{04572931-756C-4FF6-AA7D-7ACCD1A18000}.Debug|x64.ActiveCfg = Debug|Any CPU
		{04572931-756C-4FF6-AA7D-7ACCD1A18000}.Debug|x64.Build.0 = Debug|Any CPU
		{04572931-756C-4FF6-AA7D-7ACCD1A18000}.Debug|x64.Deploy.0 = Debug|Any CPU
		{04572931-756C-4FF6-AA7D-7ACCD1A18000}.Debug|x86.ActiveCfg = Debug|Any CPU
		{04572931-756C-4FF6-AA7D-7ACCD1A18000}.Debug|x86.Build.0 = Debug|Any CPU
		{04572931-756C-4FF6-AA7D-7ACCD1A18000}.Debug|x86.Deploy.0 = Debug|Any CPU
		{04572931-756C-4FF6-AA7D-7ACCD1A18000}.Release|Any CPU.ActiveCfg = Release|Any CPU
		{04572931-756C-4FF6-AA7D-7ACCD1A18000}.Release|Any CPU.Build.0 = Release|Any CPU
		{04572931-756C-4FF6-AA7D-7ACCD1A18000}.Release|Any CPU.Deploy.0 = Release|Any CPU
		{04572931-756C-4FF6-AA7D-7ACCD1A18000}.Release|ARM.ActiveCfg = Release|Any CPU
		{04572931-756C-4FF6-AA7D-7ACCD1A18000}.Release|ARM.Build.0 = Release|Any CPU
		{04572931-756C-4FF6-AA7D-7ACCD1A18000}.Release|ARM.Deploy.0 = Release|Any CPU
		{04572931-756C-4FF6-AA7D-7ACCD1A18000}.Release|iPhone.ActiveCfg = Release|Any CPU
		{04572931-756C-4FF6-AA7D-7ACCD1A18000}.Release|iPhone.Build.0 = Release|Any CPU
		{04572931-756C-4FF6-AA7D-7ACCD1A18000}.Release|iPhone.Deploy.0 = Release|Any CPU
		{04572931-756C-4FF6-AA7D-7ACCD1A18000}.Release|iPhoneSimulator.ActiveCfg = Release|Any CPU
		{04572931-756C-4FF6-AA7D-7ACCD1A18000}.Release|iPhoneSimulator.Build.0 = Release|Any CPU
		{04572931-756C-4FF6-AA7D-7ACCD1A18000}.Release|iPhoneSimulator.Deploy.0 = Release|Any CPU
		{04572931-756C-4FF6-AA7D-7ACCD1A18000}.Release|x64.ActiveCfg = Release|Any CPU
		{04572931-756C-4FF6-AA7D-7ACCD1A18000}.Release|x64.Build.0 = Release|Any CPU
		{04572931-756C-4FF6-AA7D-7ACCD1A18000}.Release|x64.Deploy.0 = Release|Any CPU
		{04572931-756C-4FF6-AA7D-7ACCD1A18000}.Release|x86.ActiveCfg = Release|Any CPU
		{04572931-756C-4FF6-AA7D-7ACCD1A18000}.Release|x86.Build.0 = Release|Any CPU
		{04572931-756C-4FF6-AA7D-7ACCD1A18000}.Release|x86.Deploy.0 = Release|Any CPU
		{55B14B7B-1E52-4239-A501-83780A68EE90}.Ad-Hoc|Any CPU.ActiveCfg = Release|Any CPU
		{55B14B7B-1E52-4239-A501-83780A68EE90}.Ad-Hoc|Any CPU.Build.0 = Release|Any CPU
		{55B14B7B-1E52-4239-A501-83780A68EE90}.Ad-Hoc|ARM.ActiveCfg = Release|Any CPU
		{55B14B7B-1E52-4239-A501-83780A68EE90}.Ad-Hoc|ARM.Build.0 = Release|Any CPU
		{55B14B7B-1E52-4239-A501-83780A68EE90}.Ad-Hoc|iPhone.ActiveCfg = Release|Any CPU
		{55B14B7B-1E52-4239-A501-83780A68EE90}.Ad-Hoc|iPhone.Build.0 = Release|Any CPU
		{55B14B7B-1E52-4239-A501-83780A68EE90}.Ad-Hoc|iPhoneSimulator.ActiveCfg = Release|Any CPU
		{55B14B7B-1E52-4239-A501-83780A68EE90}.Ad-Hoc|iPhoneSimulator.Build.0 = Release|Any CPU
		{55B14B7B-1E52-4239-A501-83780A68EE90}.Ad-Hoc|x64.ActiveCfg = Release|Any CPU
		{55B14B7B-1E52-4239-A501-83780A68EE90}.Ad-Hoc|x64.Build.0 = Release|Any CPU
		{55B14B7B-1E52-4239-A501-83780A68EE90}.Ad-Hoc|x86.ActiveCfg = Release|Any CPU
		{55B14B7B-1E52-4239-A501-83780A68EE90}.Ad-Hoc|x86.Build.0 = Release|Any CPU
		{55B14B7B-1E52-4239-A501-83780A68EE90}.AppStore|Any CPU.ActiveCfg = Release|Any CPU
		{55B14B7B-1E52-4239-A501-83780A68EE90}.AppStore|Any CPU.Build.0 = Release|Any CPU
		{55B14B7B-1E52-4239-A501-83780A68EE90}.AppStore|ARM.ActiveCfg = Release|Any CPU
		{55B14B7B-1E52-4239-A501-83780A68EE90}.AppStore|ARM.Build.0 = Release|Any CPU
		{55B14B7B-1E52-4239-A501-83780A68EE90}.AppStore|iPhone.ActiveCfg = Release|Any CPU
		{55B14B7B-1E52-4239-A501-83780A68EE90}.AppStore|iPhone.Build.0 = Release|Any CPU
		{55B14B7B-1E52-4239-A501-83780A68EE90}.AppStore|iPhoneSimulator.ActiveCfg = Release|Any CPU
		{55B14B7B-1E52-4239-A501-83780A68EE90}.AppStore|iPhoneSimulator.Build.0 = Release|Any CPU
		{55B14B7B-1E52-4239-A501-83780A68EE90}.AppStore|x64.ActiveCfg = Release|Any CPU
		{55B14B7B-1E52-4239-A501-83780A68EE90}.AppStore|x64.Build.0 = Release|Any CPU
		{55B14B7B-1E52-4239-A501-83780A68EE90}.AppStore|x86.ActiveCfg = Release|Any CPU
		{55B14B7B-1E52-4239-A501-83780A68EE90}.AppStore|x86.Build.0 = Release|Any CPU
		{55B14B7B-1E52-4239-A501-83780A68EE90}.Debug|Any CPU.ActiveCfg = Debug|Any CPU
		{55B14B7B-1E52-4239-A501-83780A68EE90}.Debug|Any CPU.Build.0 = Debug|Any CPU
		{55B14B7B-1E52-4239-A501-83780A68EE90}.Debug|ARM.ActiveCfg = Debug|Any CPU
		{55B14B7B-1E52-4239-A501-83780A68EE90}.Debug|ARM.Build.0 = Debug|Any CPU
		{55B14B7B-1E52-4239-A501-83780A68EE90}.Debug|iPhone.ActiveCfg = Debug|Any CPU
		{55B14B7B-1E52-4239-A501-83780A68EE90}.Debug|iPhone.Build.0 = Debug|Any CPU
		{55B14B7B-1E52-4239-A501-83780A68EE90}.Debug|iPhoneSimulator.ActiveCfg = Debug|Any CPU
		{55B14B7B-1E52-4239-A501-83780A68EE90}.Debug|iPhoneSimulator.Build.0 = Debug|Any CPU
		{55B14B7B-1E52-4239-A501-83780A68EE90}.Debug|x64.ActiveCfg = Debug|Any CPU
		{55B14B7B-1E52-4239-A501-83780A68EE90}.Debug|x64.Build.0 = Debug|Any CPU
		{55B14B7B-1E52-4239-A501-83780A68EE90}.Debug|x86.ActiveCfg = Debug|Any CPU
		{55B14B7B-1E52-4239-A501-83780A68EE90}.Debug|x86.Build.0 = Debug|Any CPU
		{55B14B7B-1E52-4239-A501-83780A68EE90}.Release|Any CPU.ActiveCfg = Release|Any CPU
		{55B14B7B-1E52-4239-A501-83780A68EE90}.Release|Any CPU.Build.0 = Release|Any CPU
		{55B14B7B-1E52-4239-A501-83780A68EE90}.Release|ARM.ActiveCfg = Release|Any CPU
		{55B14B7B-1E52-4239-A501-83780A68EE90}.Release|ARM.Build.0 = Release|Any CPU
		{55B14B7B-1E52-4239-A501-83780A68EE90}.Release|iPhone.ActiveCfg = Release|Any CPU
		{55B14B7B-1E52-4239-A501-83780A68EE90}.Release|iPhone.Build.0 = Release|Any CPU
		{55B14B7B-1E52-4239-A501-83780A68EE90}.Release|iPhoneSimulator.ActiveCfg = Release|Any CPU
		{55B14B7B-1E52-4239-A501-83780A68EE90}.Release|iPhoneSimulator.Build.0 = Release|Any CPU
		{55B14B7B-1E52-4239-A501-83780A68EE90}.Release|x64.ActiveCfg = Release|Any CPU
		{55B14B7B-1E52-4239-A501-83780A68EE90}.Release|x64.Build.0 = Release|Any CPU
		{55B14B7B-1E52-4239-A501-83780A68EE90}.Release|x86.ActiveCfg = Release|Any CPU
		{55B14B7B-1E52-4239-A501-83780A68EE90}.Release|x86.Build.0 = Release|Any CPU
		{F2D5818A-9B2A-4DB2-B191-46CC0FE53098}.Ad-Hoc|Any CPU.ActiveCfg = Release|x86
		{F2D5818A-9B2A-4DB2-B191-46CC0FE53098}.Ad-Hoc|Any CPU.Build.0 = Release|x86
		{F2D5818A-9B2A-4DB2-B191-46CC0FE53098}.Ad-Hoc|Any CPU.Deploy.0 = Release|x86
		{F2D5818A-9B2A-4DB2-B191-46CC0FE53098}.Ad-Hoc|ARM.ActiveCfg = Release|ARM
		{F2D5818A-9B2A-4DB2-B191-46CC0FE53098}.Ad-Hoc|ARM.Build.0 = Release|ARM
		{F2D5818A-9B2A-4DB2-B191-46CC0FE53098}.Ad-Hoc|ARM.Deploy.0 = Release|ARM
		{F2D5818A-9B2A-4DB2-B191-46CC0FE53098}.Ad-Hoc|iPhone.ActiveCfg = Release|x86
		{F2D5818A-9B2A-4DB2-B191-46CC0FE53098}.Ad-Hoc|iPhone.Build.0 = Release|x86
		{F2D5818A-9B2A-4DB2-B191-46CC0FE53098}.Ad-Hoc|iPhone.Deploy.0 = Release|x86
		{F2D5818A-9B2A-4DB2-B191-46CC0FE53098}.Ad-Hoc|iPhoneSimulator.ActiveCfg = Release|x86
		{F2D5818A-9B2A-4DB2-B191-46CC0FE53098}.Ad-Hoc|iPhoneSimulator.Build.0 = Release|x86
		{F2D5818A-9B2A-4DB2-B191-46CC0FE53098}.Ad-Hoc|iPhoneSimulator.Deploy.0 = Release|x86
		{F2D5818A-9B2A-4DB2-B191-46CC0FE53098}.Ad-Hoc|x64.ActiveCfg = Release|x64
		{F2D5818A-9B2A-4DB2-B191-46CC0FE53098}.Ad-Hoc|x64.Build.0 = Release|x64
		{F2D5818A-9B2A-4DB2-B191-46CC0FE53098}.Ad-Hoc|x64.Deploy.0 = Release|x64
		{F2D5818A-9B2A-4DB2-B191-46CC0FE53098}.Ad-Hoc|x86.ActiveCfg = Release|x86
		{F2D5818A-9B2A-4DB2-B191-46CC0FE53098}.Ad-Hoc|x86.Build.0 = Release|x86
		{F2D5818A-9B2A-4DB2-B191-46CC0FE53098}.Ad-Hoc|x86.Deploy.0 = Release|x86
		{F2D5818A-9B2A-4DB2-B191-46CC0FE53098}.AppStore|Any CPU.ActiveCfg = Release|x86
		{F2D5818A-9B2A-4DB2-B191-46CC0FE53098}.AppStore|Any CPU.Build.0 = Release|x86
		{F2D5818A-9B2A-4DB2-B191-46CC0FE53098}.AppStore|Any CPU.Deploy.0 = Release|x86
		{F2D5818A-9B2A-4DB2-B191-46CC0FE53098}.AppStore|ARM.ActiveCfg = Release|ARM
		{F2D5818A-9B2A-4DB2-B191-46CC0FE53098}.AppStore|ARM.Build.0 = Release|ARM
		{F2D5818A-9B2A-4DB2-B191-46CC0FE53098}.AppStore|ARM.Deploy.0 = Release|ARM
		{F2D5818A-9B2A-4DB2-B191-46CC0FE53098}.AppStore|iPhone.ActiveCfg = Release|x86
		{F2D5818A-9B2A-4DB2-B191-46CC0FE53098}.AppStore|iPhone.Build.0 = Release|x86
		{F2D5818A-9B2A-4DB2-B191-46CC0FE53098}.AppStore|iPhone.Deploy.0 = Release|x86
		{F2D5818A-9B2A-4DB2-B191-46CC0FE53098}.AppStore|iPhoneSimulator.ActiveCfg = Release|x86
		{F2D5818A-9B2A-4DB2-B191-46CC0FE53098}.AppStore|iPhoneSimulator.Build.0 = Release|x86
		{F2D5818A-9B2A-4DB2-B191-46CC0FE53098}.AppStore|iPhoneSimulator.Deploy.0 = Release|x86
		{F2D5818A-9B2A-4DB2-B191-46CC0FE53098}.AppStore|x64.ActiveCfg = Release|x64
		{F2D5818A-9B2A-4DB2-B191-46CC0FE53098}.AppStore|x64.Build.0 = Release|x64
		{F2D5818A-9B2A-4DB2-B191-46CC0FE53098}.AppStore|x64.Deploy.0 = Release|x64
		{F2D5818A-9B2A-4DB2-B191-46CC0FE53098}.AppStore|x86.ActiveCfg = Release|x86
		{F2D5818A-9B2A-4DB2-B191-46CC0FE53098}.AppStore|x86.Build.0 = Release|x86
		{F2D5818A-9B2A-4DB2-B191-46CC0FE53098}.AppStore|x86.Deploy.0 = Release|x86
		{F2D5818A-9B2A-4DB2-B191-46CC0FE53098}.Debug|Any CPU.ActiveCfg = Debug|x86
		{F2D5818A-9B2A-4DB2-B191-46CC0FE53098}.Debug|Any CPU.Build.0 = Debug|x86
		{F2D5818A-9B2A-4DB2-B191-46CC0FE53098}.Debug|Any CPU.Deploy.0 = Debug|x86
		{F2D5818A-9B2A-4DB2-B191-46CC0FE53098}.Debug|ARM.ActiveCfg = Debug|ARM
		{F2D5818A-9B2A-4DB2-B191-46CC0FE53098}.Debug|ARM.Build.0 = Debug|ARM
		{F2D5818A-9B2A-4DB2-B191-46CC0FE53098}.Debug|ARM.Deploy.0 = Debug|ARM
		{F2D5818A-9B2A-4DB2-B191-46CC0FE53098}.Debug|iPhone.ActiveCfg = Debug|x86
		{F2D5818A-9B2A-4DB2-B191-46CC0FE53098}.Debug|iPhoneSimulator.ActiveCfg = Debug|x86
		{F2D5818A-9B2A-4DB2-B191-46CC0FE53098}.Debug|x64.ActiveCfg = Debug|x64
		{F2D5818A-9B2A-4DB2-B191-46CC0FE53098}.Debug|x64.Build.0 = Debug|x64
		{F2D5818A-9B2A-4DB2-B191-46CC0FE53098}.Debug|x64.Deploy.0 = Debug|x64
		{F2D5818A-9B2A-4DB2-B191-46CC0FE53098}.Debug|x86.ActiveCfg = Debug|x86
		{F2D5818A-9B2A-4DB2-B191-46CC0FE53098}.Debug|x86.Build.0 = Debug|x86
		{F2D5818A-9B2A-4DB2-B191-46CC0FE53098}.Debug|x86.Deploy.0 = Debug|x86
		{F2D5818A-9B2A-4DB2-B191-46CC0FE53098}.Release|Any CPU.ActiveCfg = Release|x86
		{F2D5818A-9B2A-4DB2-B191-46CC0FE53098}.Release|ARM.ActiveCfg = Release|ARM
		{F2D5818A-9B2A-4DB2-B191-46CC0FE53098}.Release|ARM.Build.0 = Release|ARM
		{F2D5818A-9B2A-4DB2-B191-46CC0FE53098}.Release|ARM.Deploy.0 = Release|ARM
		{F2D5818A-9B2A-4DB2-B191-46CC0FE53098}.Release|iPhone.ActiveCfg = Release|x86
		{F2D5818A-9B2A-4DB2-B191-46CC0FE53098}.Release|iPhoneSimulator.ActiveCfg = Release|x86
		{F2D5818A-9B2A-4DB2-B191-46CC0FE53098}.Release|x64.ActiveCfg = Release|x64
		{F2D5818A-9B2A-4DB2-B191-46CC0FE53098}.Release|x64.Build.0 = Release|x64
		{F2D5818A-9B2A-4DB2-B191-46CC0FE53098}.Release|x64.Deploy.0 = Release|x64
		{F2D5818A-9B2A-4DB2-B191-46CC0FE53098}.Release|x86.ActiveCfg = Release|x86
		{F2D5818A-9B2A-4DB2-B191-46CC0FE53098}.Release|x86.Build.0 = Release|x86
		{F2D5818A-9B2A-4DB2-B191-46CC0FE53098}.Release|x86.Deploy.0 = Release|x86
		{76D58855-C02E-4AEB-801D-461AB9A33A4F}.Ad-Hoc|Any CPU.ActiveCfg = Ad-Hoc|iPhoneSimulator
		{76D58855-C02E-4AEB-801D-461AB9A33A4F}.Ad-Hoc|ARM.ActiveCfg = Ad-Hoc|iPhone
		{76D58855-C02E-4AEB-801D-461AB9A33A4F}.Ad-Hoc|iPhone.ActiveCfg = Ad-Hoc|iPhone
		{76D58855-C02E-4AEB-801D-461AB9A33A4F}.Ad-Hoc|iPhone.Build.0 = Ad-Hoc|iPhone
		{76D58855-C02E-4AEB-801D-461AB9A33A4F}.Ad-Hoc|iPhoneSimulator.ActiveCfg = Ad-Hoc|iPhoneSimulator
		{76D58855-C02E-4AEB-801D-461AB9A33A4F}.Ad-Hoc|iPhoneSimulator.Build.0 = Ad-Hoc|iPhoneSimulator
		{76D58855-C02E-4AEB-801D-461AB9A33A4F}.Ad-Hoc|x64.ActiveCfg = Ad-Hoc|iPhone
		{76D58855-C02E-4AEB-801D-461AB9A33A4F}.Ad-Hoc|x86.ActiveCfg = Ad-Hoc|iPhone
		{76D58855-C02E-4AEB-801D-461AB9A33A4F}.AppStore|Any CPU.ActiveCfg = AppStore|iPhoneSimulator
		{76D58855-C02E-4AEB-801D-461AB9A33A4F}.AppStore|ARM.ActiveCfg = AppStore|iPhone
		{76D58855-C02E-4AEB-801D-461AB9A33A4F}.AppStore|iPhone.ActiveCfg = AppStore|iPhone
		{76D58855-C02E-4AEB-801D-461AB9A33A4F}.AppStore|iPhone.Build.0 = AppStore|iPhone
		{76D58855-C02E-4AEB-801D-461AB9A33A4F}.AppStore|iPhoneSimulator.ActiveCfg = AppStore|iPhoneSimulator
		{76D58855-C02E-4AEB-801D-461AB9A33A4F}.AppStore|iPhoneSimulator.Build.0 = AppStore|iPhoneSimulator
		{76D58855-C02E-4AEB-801D-461AB9A33A4F}.AppStore|x64.ActiveCfg = AppStore|iPhone
		{76D58855-C02E-4AEB-801D-461AB9A33A4F}.AppStore|x86.ActiveCfg = AppStore|iPhone
		{76D58855-C02E-4AEB-801D-461AB9A33A4F}.Debug|Any CPU.ActiveCfg = Debug|iPhoneSimulator
		{76D58855-C02E-4AEB-801D-461AB9A33A4F}.Debug|ARM.ActiveCfg = Debug|iPhone
		{76D58855-C02E-4AEB-801D-461AB9A33A4F}.Debug|iPhone.ActiveCfg = Debug|iPhone
		{76D58855-C02E-4AEB-801D-461AB9A33A4F}.Debug|iPhone.Build.0 = Debug|iPhone
		{76D58855-C02E-4AEB-801D-461AB9A33A4F}.Debug|iPhoneSimulator.ActiveCfg = Debug|iPhoneSimulator
		{76D58855-C02E-4AEB-801D-461AB9A33A4F}.Debug|iPhoneSimulator.Build.0 = Debug|iPhoneSimulator
		{76D58855-C02E-4AEB-801D-461AB9A33A4F}.Debug|x64.ActiveCfg = Debug|iPhone
		{76D58855-C02E-4AEB-801D-461AB9A33A4F}.Debug|x86.ActiveCfg = Debug|iPhone
		{76D58855-C02E-4AEB-801D-461AB9A33A4F}.Release|Any CPU.ActiveCfg = Release|iPhoneSimulator
		{76D58855-C02E-4AEB-801D-461AB9A33A4F}.Release|ARM.ActiveCfg = Release|iPhone
		{76D58855-C02E-4AEB-801D-461AB9A33A4F}.Release|iPhone.ActiveCfg = Release|iPhone
		{76D58855-C02E-4AEB-801D-461AB9A33A4F}.Release|iPhone.Build.0 = Release|iPhone
		{76D58855-C02E-4AEB-801D-461AB9A33A4F}.Release|iPhoneSimulator.ActiveCfg = Release|iPhoneSimulator
		{76D58855-C02E-4AEB-801D-461AB9A33A4F}.Release|iPhoneSimulator.Build.0 = Release|iPhoneSimulator
		{76D58855-C02E-4AEB-801D-461AB9A33A4F}.Release|x64.ActiveCfg = Release|iPhone
		{76D58855-C02E-4AEB-801D-461AB9A33A4F}.Release|x86.ActiveCfg = Release|iPhone
	EndGlobalSection
	GlobalSection(SolutionProperties) = preSolution
		HideSolutionNode = FALSE
	EndGlobalSection
	GlobalSection(ExtensibilityGlobals) = postSolution
		SolutionGuid = {ACC4102D-DE0E-4D05-8CEA-DFFDCBAB0F68}
	EndGlobalSection
EndGlobal
