
Microsoft Visual Studio Solution File, Format Version 12.00
# Visual Studio 15
VisualStudioVersion = 15.0.28307.136
MinimumVisualStudioVersion = 10.0.40219.1
Project("{9A19103F-16F7-4668-BE54-9A1E7A4F7556}") = "SalesWeb", "src\Web\SalesWeb\SalesWeb.csproj", "{97369E04-0B93-44A2-9488-DC2D95957006}"
EndProject
Project("{9A19103F-16F7-4668-BE54-9A1E7A4F7556}") = "ApplicationCore", "src\Libraries\ApplicationCore\ApplicationCore.csproj", "{50DA7C45-03F7-4B16-B72E-311F05A82D9C}"
EndProject
Project("{9A19103F-16F7-4668-BE54-9A1E7A4F7556}") = "Infrastructure", "src\Libraries\Infrastructure\Infrastructure.csproj", "{68B55AB6-98F0-4D17-90DB-80228CB7DAB0}"
EndProject
Global
	GlobalSection(SolutionConfigurationPlatforms) = preSolution
		Debug|Any CPU = Debug|Any CPU
		Release|Any CPU = Release|Any CPU
	EndGlobalSection
	GlobalSection(ProjectConfigurationPlatforms) = postSolution
		{97369E04-0B93-44A2-9488-DC2D95957006}.Debug|Any CPU.ActiveCfg = Debug|Any CPU
		{97369E04-0B93-44A2-9488-DC2D95957006}.Debug|Any CPU.Build.0 = Debug|Any CPU
		{97369E04-0B93-44A2-9488-DC2D95957006}.Release|Any CPU.ActiveCfg = Release|Any CPU
		{97369E04-0B93-44A2-9488-DC2D95957006}.Release|Any CPU.Build.0 = Release|Any CPU
		{50DA7C45-03F7-4B16-B72E-311F05A82D9C}.Debug|Any CPU.ActiveCfg = Debug|Any CPU
		{50DA7C45-03F7-4B16-B72E-311F05A82D9C}.Debug|Any CPU.Build.0 = Debug|Any CPU
		{50DA7C45-03F7-4B16-B72E-311F05A82D9C}.Release|Any CPU.ActiveCfg = Release|Any CPU
		{50DA7C45-03F7-4B16-B72E-311F05A82D9C}.Release|Any CPU.Build.0 = Release|Any CPU
		{68B55AB6-98F0-4D17-90DB-80228CB7DAB0}.Debug|Any CPU.ActiveCfg = Debug|Any CPU
		{68B55AB6-98F0-4D17-90DB-80228CB7DAB0}.Debug|Any CPU.Build.0 = Debug|Any CPU
		{68B55AB6-98F0-4D17-90DB-80228CB7DAB0}.Release|Any CPU.ActiveCfg = Release|Any CPU
		{68B55AB6-98F0-4D17-90DB-80228CB7DAB0}.Release|Any CPU.Build.0 = Release|Any CPU
	EndGlobalSection
	GlobalSection(SolutionProperties) = preSolution
		HideSolutionNode = FALSE
	EndGlobalSection
	GlobalSection(ExtensibilityGlobals) = postSolution
		SolutionGuid = {558ED950-6712-4B2A-AEEC-920DF9855A17}
	EndGlobalSection
EndGlobal
