
Microsoft Visual Studio Solution File, Format Version 12.00
# Visual Studio Version 16
VisualStudioVersion = 16.0.29326.143
MinimumVisualStudioVersion = 10.0.40219.1
Project("{9A19103F-16F7-4668-BE54-9A1E7A4F7556}") = "SalesWeb", "src\Web\SalesWeb\SalesWeb.csproj", "{97369E04-0B93-44A2-9488-DC2D95957006}"
EndProject
Project("{9A19103F-16F7-4668-BE54-9A1E7A4F7556}") = "ApplicationCore", "src\Shared\ApplicationCore\ApplicationCore.csproj", "{50DA7C45-03F7-4B16-B72E-311F05A82D9C}"
EndProject
Project("{9A19103F-16F7-4668-BE54-9A1E7A4F7556}") = "Infrastructure", "src\Shared\Infrastructure\Infrastructure.csproj", "{68B55AB6-98F0-4D17-90DB-80228CB7DAB0}"
EndProject
Project("{9A19103F-16F7-4668-BE54-9A1E7A4F7556}") = "Backoffice", "src\Web\Backoffice\Backoffice.csproj", "{3048DA41-4D43-42FD-AA2C-63AC97F4BBC1}"
EndProject
Project("{2150E333-8FDC-42A3-9474-1A3956D46DE8}") = "Web", "Web", "{861B6742-4E64-4BD1-A5A9-8840B24224A9}"
EndProject
Global
	GlobalSection(SolutionConfigurationPlatforms) = preSolution
		Debug|Any CPU = Debug|Any CPU
		Release|Any CPU = Release|Any CPU
	EndGlobalSection
	GlobalSection(ProjectConfigurationPlatforms) = postSolution
		{97369E04-0B93-44A2-9488-DC2D95957006}.Debug|Any CPU.ActiveCfg = Debug|Any CPU
		{97369E04-0B93-44A2-9488-DC2D95957006}.Debug|Any CPU.Build.0 = Debug|Any CPU
		{97369E04-0B93-44A2-9488-DC2D95957006}.Release|Any CPU.ActiveCfg = Release|Any CPU
		{97369E04-0B93-44A2-9488-DC2D95957006}.Release|Any CPU.Build.0 = Release|Any CPU
		{50DA7C45-03F7-4B16-B72E-311F05A82D9C}.Debug|Any CPU.ActiveCfg = Debug|Any CPU
		{50DA7C45-03F7-4B16-B72E-311F05A82D9C}.Debug|Any CPU.Build.0 = Debug|Any CPU
		{50DA7C45-03F7-4B16-B72E-311F05A82D9C}.Release|Any CPU.ActiveCfg = Release|Any CPU
		{50DA7C45-03F7-4B16-B72E-311F05A82D9C}.Release|Any CPU.Build.0 = Release|Any CPU
		{68B55AB6-98F0-4D17-90DB-80228CB7DAB0}.Debug|Any CPU.ActiveCfg = Debug|Any CPU
		{68B55AB6-98F0-4D17-90DB-80228CB7DAB0}.Debug|Any CPU.Build.0 = Debug|Any CPU
		{68B55AB6-98F0-4D17-90DB-80228CB7DAB0}.Release|Any CPU.ActiveCfg = Release|Any CPU
		{68B55AB6-98F0-4D17-90DB-80228CB7DAB0}.Release|Any CPU.Build.0 = Release|Any CPU
		{3048DA41-4D43-42FD-AA2C-63AC97F4BBC1}.Debug|Any CPU.ActiveCfg = Debug|Any CPU
		{3048DA41-4D43-42FD-AA2C-63AC97F4BBC1}.Debug|Any CPU.Build.0 = Debug|Any CPU
		{3048DA41-4D43-42FD-AA2C-63AC97F4BBC1}.Release|Any CPU.ActiveCfg = Release|Any CPU
		{3048DA41-4D43-42FD-AA2C-63AC97F4BBC1}.Release|Any CPU.Build.0 = Release|Any CPU
	EndGlobalSection
	GlobalSection(SolutionProperties) = preSolution
		HideSolutionNode = FALSE
	EndGlobalSection
	GlobalSection(NestedProjects) = preSolution
		{97369E04-0B93-44A2-9488-DC2D95957006} = {861B6742-4E64-4BD1-A5A9-8840B24224A9}
		{3048DA41-4D43-42FD-AA2C-63AC97F4BBC1} = {861B6742-4E64-4BD1-A5A9-8840B24224A9}
	EndGlobalSection
	GlobalSection(ExtensibilityGlobals) = postSolution
		SolutionGuid = {558ED950-6712-4B2A-AEEC-920DF9855A17}
	EndGlobalSection
EndGlobal
